// !$*UTF8*$!
{
	archiveVersion = 1;
	classes = {
	};
	objectVersion = 46;
	objects = {

/* Begin PBXBuildFile section */
		754BBEDE1EF60C70002F6D56 /* Alamofire.framework in Frameworks */ = {isa = PBXBuildFile; fileRef = 754BBED11EF60BF5002F6D56 /* Alamofire.framework */; };
		754BBEDF1EF60C70002F6D56 /* Alamofire.framework in Embed Frameworks */ = {isa = PBXBuildFile; fileRef = 754BBED11EF60BF5002F6D56 /* Alamofire.framework */; settings = {ATTRIBUTES = (CodeSignOnCopy, RemoveHeadersOnCopy, ); }; };
		75AAA93A1EF61A3300491212 /* Repository.swift in Sources */ = {isa = PBXBuildFile; fileRef = 75CD701C1EE6C13500614B02 /* Repository.swift */; };
		75AAA93B1EF61A4400491212 /* Hospital.swift in Sources */ = {isa = PBXBuildFile; fileRef = 75CD701E1EE6C21A00614B02 /* Hospital.swift */; };
		75CD701D1EE6C13500614B02 /* Repository.swift in Sources */ = {isa = PBXBuildFile; fileRef = 75CD701C1EE6C13500614B02 /* Repository.swift */; };
		75CD701F1EE6C21A00614B02 /* Hospital.swift in Sources */ = {isa = PBXBuildFile; fileRef = 75CD701E1EE6C21A00614B02 /* Hospital.swift */; };
		75F05BF41EF60DFB0004B6C9 /* RioHospitalTests.swift in Sources */ = {isa = PBXBuildFile; fileRef = 75F05BF31EF60DFB0004B6C9 /* RioHospitalTests.swift */; };
		C02FB0671ECB133100BC62A3 /* AppDelegate.swift in Sources */ = {isa = PBXBuildFile; fileRef = C02FB0661ECB133100BC62A3 /* AppDelegate.swift */; };
		C02FB06F1ECB133100BC62A3 /* Rio_Hospital.xcdatamodeld in Sources */ = {isa = PBXBuildFile; fileRef = C02FB06D1ECB133100BC62A3 /* Rio_Hospital.xcdatamodeld */; };
		C02FB0711ECB133100BC62A3 /* Assets.xcassets in Resources */ = {isa = PBXBuildFile; fileRef = C02FB0701ECB133100BC62A3 /* Assets.xcassets */; };
		C02FB0741ECB133100BC62A3 /* LaunchScreen.storyboard in Resources */ = {isa = PBXBuildFile; fileRef = C02FB0721ECB133100BC62A3 /* LaunchScreen.storyboard */; };
		C02FB08A1ECB133200BC62A3 /* Rio_HospitalUITests.swift in Sources */ = {isa = PBXBuildFile; fileRef = C02FB0891ECB133200BC62A3 /* Rio_HospitalUITests.swift */; };
		C02FB0A01EDD82D500BC62A3 /* LocationManager.swift in Sources */ = {isa = PBXBuildFile; fileRef = C02FB09F1EDD82D500BC62A3 /* LocationManager.swift */; };
		C03603101EF63B480040325F /* HospitalDetail.swift in Sources */ = {isa = PBXBuildFile; fileRef = C036030E1EF63B480040325F /* HospitalDetail.swift */; };
		C03603111EF63B480040325F /* HospitalDetail.xib in Resources */ = {isa = PBXBuildFile; fileRef = C036030F1EF63B480040325F /* HospitalDetail.xib */; };
		C09BC21A1EDD91580063875B /* LocationRequest.swift in Sources */ = {isa = PBXBuildFile; fileRef = C09BC2181EDD91580063875B /* LocationRequest.swift */; };
		C09BC21B1EDD91580063875B /* LocationRequest.xib in Resources */ = {isa = PBXBuildFile; fileRef = C09BC2191EDD91580063875B /* LocationRequest.xib */; };
		C0B4587E1EE6CD9500A7C92E /* Map.swift in Sources */ = {isa = PBXBuildFile; fileRef = C0B4587C1EE6CD9500A7C92E /* Map.swift */; };
		C0B4587F1EE6CD9500A7C92E /* Map.xib in Resources */ = {isa = PBXBuildFile; fileRef = C0B4587D1EE6CD9500A7C92E /* Map.xib */; };
/* End PBXBuildFile section */

/* Begin PBXContainerItemProxy section */
		754BBED01EF60BF5002F6D56 /* PBXContainerItemProxy */ = {
			isa = PBXContainerItemProxy;
			containerPortal = 754BBEC51EF60BF5002F6D56 /* Alamofire.xcodeproj */;
			proxyType = 2;
			remoteGlobalIDString = F8111E3319A95C8B0040E7D1;
			remoteInfo = "Alamofire iOS";
		};
		754BBED21EF60BF5002F6D56 /* PBXContainerItemProxy */ = {
			isa = PBXContainerItemProxy;
			containerPortal = 754BBEC51EF60BF5002F6D56 /* Alamofire.xcodeproj */;
			proxyType = 2;
			remoteGlobalIDString = F8111E3E19A95C8B0040E7D1;
			remoteInfo = "Alamofire iOS Tests";
		};
		754BBED41EF60BF5002F6D56 /* PBXContainerItemProxy */ = {
			isa = PBXContainerItemProxy;
			containerPortal = 754BBEC51EF60BF5002F6D56 /* Alamofire.xcodeproj */;
			proxyType = 2;
			remoteGlobalIDString = 4DD67C0B1A5C55C900ED2280;
			remoteInfo = "Alamofire macOS";
		};
		754BBED61EF60BF5002F6D56 /* PBXContainerItemProxy */ = {
			isa = PBXContainerItemProxy;
			containerPortal = 754BBEC51EF60BF5002F6D56 /* Alamofire.xcodeproj */;
			proxyType = 2;
			remoteGlobalIDString = F829C6B21A7A94F100A2CD59;
			remoteInfo = "Alamofire macOS Tests";
		};
		754BBED81EF60BF5002F6D56 /* PBXContainerItemProxy */ = {
			isa = PBXContainerItemProxy;
			containerPortal = 754BBEC51EF60BF5002F6D56 /* Alamofire.xcodeproj */;
			proxyType = 2;
			remoteGlobalIDString = 4CF626EF1BA7CB3E0011A099;
			remoteInfo = "Alamofire tvOS";
		};
		754BBEDA1EF60BF5002F6D56 /* PBXContainerItemProxy */ = {
			isa = PBXContainerItemProxy;
			containerPortal = 754BBEC51EF60BF5002F6D56 /* Alamofire.xcodeproj */;
			proxyType = 2;
			remoteGlobalIDString = 4CF626F81BA7CB3E0011A099;
			remoteInfo = "Alamofire tvOS Tests";
		};
		754BBEDC1EF60BF5002F6D56 /* PBXContainerItemProxy */ = {
			isa = PBXContainerItemProxy;
			containerPortal = 754BBEC51EF60BF5002F6D56 /* Alamofire.xcodeproj */;
			proxyType = 2;
			remoteGlobalIDString = E4202FE01B667AA100C997FB;
			remoteInfo = "Alamofire watchOS";
		};
		754BBEE01EF60C70002F6D56 /* PBXContainerItemProxy */ = {
			isa = PBXContainerItemProxy;
			containerPortal = 754BBEC51EF60BF5002F6D56 /* Alamofire.xcodeproj */;
			proxyType = 1;
			remoteGlobalIDString = F8111E3219A95C8B0040E7D1;
			remoteInfo = "Alamofire iOS";
		};
		C02FB07B1ECB133100BC62A3 /* PBXContainerItemProxy */ = {
			isa = PBXContainerItemProxy;
			containerPortal = C02FB05B1ECB133100BC62A3 /* Project object */;
			proxyType = 1;
			remoteGlobalIDString = C02FB0621ECB133100BC62A3;
			remoteInfo = "Rio Hospital";
		};
		C02FB0861ECB133100BC62A3 /* PBXContainerItemProxy */ = {
			isa = PBXContainerItemProxy;
			containerPortal = C02FB05B1ECB133100BC62A3 /* Project object */;
			proxyType = 1;
			remoteGlobalIDString = C02FB0621ECB133100BC62A3;
			remoteInfo = "Rio Hospital";
		};
/* End PBXContainerItemProxy section */

/* Begin PBXCopyFilesBuildPhase section */
		754BBEE21EF60C70002F6D56 /* Embed Frameworks */ = {
			isa = PBXCopyFilesBuildPhase;
			buildActionMask = 2147483647;
			dstPath = "";
			dstSubfolderSpec = 10;
			files = (
				754BBEDF1EF60C70002F6D56 /* Alamofire.framework in Embed Frameworks */,
			);
			name = "Embed Frameworks";
			runOnlyForDeploymentPostprocessing = 0;
		};
/* End PBXCopyFilesBuildPhase section */

/* Begin PBXFileReference section */
		754BBEC51EF60BF5002F6D56 /* Alamofire.xcodeproj */ = {isa = PBXFileReference; lastKnownFileType = "wrapper.pb-project"; name = Alamofire.xcodeproj; path = Alamofire/Alamofire.xcodeproj; sourceTree = "<group>"; };
		75CD701C1EE6C13500614B02 /* Repository.swift */ = {isa = PBXFileReference; fileEncoding = 4; lastKnownFileType = sourcecode.swift; name = Repository.swift; path = Model/Repository.swift; sourceTree = "<group>"; };
		75CD701E1EE6C21A00614B02 /* Hospital.swift */ = {isa = PBXFileReference; fileEncoding = 4; lastKnownFileType = sourcecode.swift; name = Hospital.swift; path = Model/Hospital.swift; sourceTree = "<group>"; };
		75F05BF31EF60DFB0004B6C9 /* RioHospitalTests.swift */ = {isa = PBXFileReference; fileEncoding = 4; lastKnownFileType = sourcecode.swift; path = RioHospitalTests.swift; sourceTree = "<group>"; };
		C02FB0631ECB133100BC62A3 /* Rio Hospital.app */ = {isa = PBXFileReference; explicitFileType = wrapper.application; includeInIndex = 0; path = "Rio Hospital.app"; sourceTree = BUILT_PRODUCTS_DIR; };
		C02FB0661ECB133100BC62A3 /* AppDelegate.swift */ = {isa = PBXFileReference; lastKnownFileType = sourcecode.swift; path = AppDelegate.swift; sourceTree = "<group>"; };
		C02FB06E1ECB133100BC62A3 /* Rio_Hospital.xcdatamodel */ = {isa = PBXFileReference; lastKnownFileType = wrapper.xcdatamodel; path = Rio_Hospital.xcdatamodel; sourceTree = "<group>"; };
		C02FB0701ECB133100BC62A3 /* Assets.xcassets */ = {isa = PBXFileReference; lastKnownFileType = folder.assetcatalog; path = Assets.xcassets; sourceTree = "<group>"; };
		C02FB0731ECB133100BC62A3 /* Base */ = {isa = PBXFileReference; lastKnownFileType = file.storyboard; name = Base; path = Base.lproj/LaunchScreen.storyboard; sourceTree = "<group>"; };
		C02FB0751ECB133100BC62A3 /* Info.plist */ = {isa = PBXFileReference; lastKnownFileType = text.plist.xml; path = Info.plist; sourceTree = "<group>"; };
		C02FB07A1ECB133100BC62A3 /* Rio HospitalTests.xctest */ = {isa = PBXFileReference; explicitFileType = wrapper.cfbundle; includeInIndex = 0; path = "Rio HospitalTests.xctest"; sourceTree = BUILT_PRODUCTS_DIR; };
		C02FB0801ECB133100BC62A3 /* Info.plist */ = {isa = PBXFileReference; lastKnownFileType = text.plist.xml; path = Info.plist; sourceTree = "<group>"; };
		C02FB0851ECB133100BC62A3 /* Rio HospitalUITests.xctest */ = {isa = PBXFileReference; explicitFileType = wrapper.cfbundle; includeInIndex = 0; path = "Rio HospitalUITests.xctest"; sourceTree = BUILT_PRODUCTS_DIR; };
		C02FB0891ECB133200BC62A3 /* Rio_HospitalUITests.swift */ = {isa = PBXFileReference; lastKnownFileType = sourcecode.swift; path = Rio_HospitalUITests.swift; sourceTree = "<group>"; };
		C02FB08B1ECB133200BC62A3 /* Info.plist */ = {isa = PBXFileReference; lastKnownFileType = text.plist.xml; path = Info.plist; sourceTree = "<group>"; };
		C02FB09F1EDD82D500BC62A3 /* LocationManager.swift */ = {isa = PBXFileReference; fileEncoding = 4; lastKnownFileType = sourcecode.swift; name = LocationManager.swift; path = Resources/LocationManager.swift; sourceTree = "<group>"; };
		C036030E1EF63B480040325F /* HospitalDetail.swift */ = {isa = PBXFileReference; fileEncoding = 4; lastKnownFileType = sourcecode.swift; name = HospitalDetail.swift; path = Controller/HospitalDetail.swift; sourceTree = "<group>"; };
		C036030F1EF63B480040325F /* HospitalDetail.xib */ = {isa = PBXFileReference; fileEncoding = 4; lastKnownFileType = file.xib; name = HospitalDetail.xib; path = View/HospitalDetail.xib; sourceTree = "<group>"; };
		C09BC2181EDD91580063875B /* LocationRequest.swift */ = {isa = PBXFileReference; fileEncoding = 4; lastKnownFileType = sourcecode.swift; name = LocationRequest.swift; path = Controller/LocationRequest.swift; sourceTree = "<group>"; };
		C09BC2191EDD91580063875B /* LocationRequest.xib */ = {isa = PBXFileReference; fileEncoding = 4; lastKnownFileType = file.xib; name = LocationRequest.xib; path = View/LocationRequest.xib; sourceTree = "<group>"; };
		C0B4587C1EE6CD9500A7C92E /* Map.swift */ = {isa = PBXFileReference; fileEncoding = 4; lastKnownFileType = sourcecode.swift; name = Map.swift; path = Controller/Map.swift; sourceTree = "<group>"; };
		C0B4587D1EE6CD9500A7C92E /* Map.xib */ = {isa = PBXFileReference; fileEncoding = 4; lastKnownFileType = file.xib; name = Map.xib; path = View/Map.xib; sourceTree = "<group>"; };
/* End PBXFileReference section */

/* Begin PBXFrameworksBuildPhase section */
		C02FB0601ECB133100BC62A3 /* Frameworks */ = {
			isa = PBXFrameworksBuildPhase;
			buildActionMask = 2147483647;
			files = (
				754BBEDE1EF60C70002F6D56 /* Alamofire.framework in Frameworks */,
			);
			runOnlyForDeploymentPostprocessing = 0;
		};
		C02FB0771ECB133100BC62A3 /* Frameworks */ = {
			isa = PBXFrameworksBuildPhase;
			buildActionMask = 2147483647;
			files = (
			);
			runOnlyForDeploymentPostprocessing = 0;
		};
		C02FB0821ECB133100BC62A3 /* Frameworks */ = {
			isa = PBXFrameworksBuildPhase;
			buildActionMask = 2147483647;
			files = (
			);
			runOnlyForDeploymentPostprocessing = 0;
		};
/* End PBXFrameworksBuildPhase section */

/* Begin PBXGroup section */
		754BBEC61EF60BF5002F6D56 /* Products */ = {
			isa = PBXGroup;
			children = (
				754BBED11EF60BF5002F6D56 /* Alamofire.framework */,
				754BBED31EF60BF5002F6D56 /* Alamofire iOS Tests.xctest */,
				754BBED51EF60BF5002F6D56 /* Alamofire.framework */,
				754BBED71EF60BF5002F6D56 /* Alamofire macOS Tests.xctest */,
				754BBED91EF60BF5002F6D56 /* Alamofire.framework */,
				754BBEDB1EF60BF5002F6D56 /* Alamofire tvOS Tests.xctest */,
				754BBEDD1EF60BF5002F6D56 /* Alamofire.framework */,
			);
			name = Products;
			sourceTree = "<group>";
		};
		C02FB05A1ECB133100BC62A3 = {
			isa = PBXGroup;
			children = (
				754BBEC51EF60BF5002F6D56 /* Alamofire.xcodeproj */,
				C02FB0651ECB133100BC62A3 /* Rio Hospital */,
				C02FB07D1ECB133100BC62A3 /* Rio HospitalTests */,
				C02FB0881ECB133200BC62A3 /* Rio HospitalUITests */,
				C02FB0641ECB133100BC62A3 /* Products */,
			);
			sourceTree = "<group>";
		};
		C02FB0641ECB133100BC62A3 /* Products */ = {
			isa = PBXGroup;
			children = (
				C02FB0631ECB133100BC62A3 /* Rio Hospital.app */,
				C02FB07A1ECB133100BC62A3 /* Rio HospitalTests.xctest */,
				C02FB0851ECB133100BC62A3 /* Rio HospitalUITests.xctest */,
			);
			name = Products;
			sourceTree = "<group>";
		};
		C02FB0651ECB133100BC62A3 /* Rio Hospital */ = {
			isa = PBXGroup;
			children = (
				C02FB09A1ED453FD00BC62A3 /* Resources */,
				C02FB0971ED453A200BC62A3 /* Model */,
				C02FB0981ED453A900BC62A3 /* View */,
				C02FB0991ED453AF00BC62A3 /* Controller */,
				C02FB0661ECB133100BC62A3 /* AppDelegate.swift */,
				C02FB0701ECB133100BC62A3 /* Assets.xcassets */,
				C02FB0721ECB133100BC62A3 /* LaunchScreen.storyboard */,
				C02FB0751ECB133100BC62A3 /* Info.plist */,
				C02FB06D1ECB133100BC62A3 /* Rio_Hospital.xcdatamodeld */,
			);
			path = "Rio Hospital";
			sourceTree = "<group>";
		};
		C02FB07D1ECB133100BC62A3 /* Rio HospitalTests */ = {
			isa = PBXGroup;
			children = (
				75F05BF31EF60DFB0004B6C9 /* RioHospitalTests.swift */,
				C02FB0801ECB133100BC62A3 /* Info.plist */,
			);
			path = "Rio HospitalTests";
			sourceTree = "<group>";
		};
		C02FB0881ECB133200BC62A3 /* Rio HospitalUITests */ = {
			isa = PBXGroup;
			children = (
				C02FB0891ECB133200BC62A3 /* Rio_HospitalUITests.swift */,
				C02FB08B1ECB133200BC62A3 /* Info.plist */,
			);
			path = "Rio HospitalUITests";
			sourceTree = "<group>";
		};
		C02FB0971ED453A200BC62A3 /* Model */ = {
			isa = PBXGroup;
			children = (
				75CD701C1EE6C13500614B02 /* Repository.swift */,
				75CD701E1EE6C21A00614B02 /* Hospital.swift */,
			);
			name = Model;
			sourceTree = "<group>";
		};
		C02FB0981ED453A900BC62A3 /* View */ = {
			isa = PBXGroup;
			children = (
				C09BC2191EDD91580063875B /* LocationRequest.xib */,
				C0B4587D1EE6CD9500A7C92E /* Map.xib */,
				C036030F1EF63B480040325F /* HospitalDetail.xib */,
			);
			name = View;
			sourceTree = "<group>";
		};
		C02FB0991ED453AF00BC62A3 /* Controller */ = {
			isa = PBXGroup;
			children = (
				C036030E1EF63B480040325F /* HospitalDetail.swift */,
				C0B4587C1EE6CD9500A7C92E /* Map.swift */,
				C09BC2181EDD91580063875B /* LocationRequest.swift */,
			);
			name = Controller;
			sourceTree = "<group>";
		};
		C02FB09A1ED453FD00BC62A3 /* Resources */ = {
			isa = PBXGroup;
			children = (
				C02FB09F1EDD82D500BC62A3 /* LocationManager.swift */,
			);
			name = Resources;
			sourceTree = "<group>";
		};
/* End PBXGroup section */

/* Begin PBXNativeTarget section */
		C02FB0621ECB133100BC62A3 /* Rio Hospital */ = {
			isa = PBXNativeTarget;
			buildConfigurationList = C02FB08E1ECB133200BC62A3 /* Build configuration list for PBXNativeTarget "Rio Hospital" */;
			buildPhases = (
				C02FB05F1ECB133100BC62A3 /* Sources */,
				C02FB0601ECB133100BC62A3 /* Frameworks */,
				C02FB0611ECB133100BC62A3 /* Resources */,
				754BBEE21EF60C70002F6D56 /* Embed Frameworks */,
			);
			buildRules = (
			);
			dependencies = (
				754BBEE11EF60C70002F6D56 /* PBXTargetDependency */,
			);
			name = "Rio Hospital";
			productName = "Rio Hospital";
			productReference = C02FB0631ECB133100BC62A3 /* Rio Hospital.app */;
			productType = "com.apple.product-type.application";
		};
		C02FB0791ECB133100BC62A3 /* Rio HospitalTests */ = {
			isa = PBXNativeTarget;
			buildConfigurationList = C02FB0911ECB133200BC62A3 /* Build configuration list for PBXNativeTarget "Rio HospitalTests" */;
			buildPhases = (
				C02FB0761ECB133100BC62A3 /* Sources */,
				C02FB0771ECB133100BC62A3 /* Frameworks */,
				C02FB0781ECB133100BC62A3 /* Resources */,
			);
			buildRules = (
			);
			dependencies = (
				C02FB07C1ECB133100BC62A3 /* PBXTargetDependency */,
			);
			name = "Rio HospitalTests";
			productName = "Rio HospitalTests";
			productReference = C02FB07A1ECB133100BC62A3 /* Rio HospitalTests.xctest */;
			productType = "com.apple.product-type.bundle.unit-test";
		};
		C02FB0841ECB133100BC62A3 /* Rio HospitalUITests */ = {
			isa = PBXNativeTarget;
			buildConfigurationList = C02FB0941ECB133200BC62A3 /* Build configuration list for PBXNativeTarget "Rio HospitalUITests" */;
			buildPhases = (
				C02FB0811ECB133100BC62A3 /* Sources */,
				C02FB0821ECB133100BC62A3 /* Frameworks */,
				C02FB0831ECB133100BC62A3 /* Resources */,
			);
			buildRules = (
			);
			dependencies = (
				C02FB0871ECB133100BC62A3 /* PBXTargetDependency */,
			);
			name = "Rio HospitalUITests";
			productName = "Rio HospitalUITests";
			productReference = C02FB0851ECB133100BC62A3 /* Rio HospitalUITests.xctest */;
			productType = "com.apple.product-type.bundle.ui-testing";
		};
/* End PBXNativeTarget section */

/* Begin PBXProject section */
		C02FB05B1ECB133100BC62A3 /* Project object */ = {
			isa = PBXProject;
			attributes = {
				LastSwiftUpdateCheck = 0830;
				LastUpgradeCheck = 0830;
				ORGANIZATIONNAME = "Gabriel Gomes";
				TargetAttributes = {
					C02FB0621ECB133100BC62A3 = {
						CreatedOnToolsVersion = 8.3.2;
						DevelopmentTeam = 2WPG2PXX6C;
						ProvisioningStyle = Automatic;
					};
					C02FB0791ECB133100BC62A3 = {
						CreatedOnToolsVersion = 8.3.2;
						DevelopmentTeam = 2WPG2PXX6C;
						LastSwiftMigration = 0830;
						ProvisioningStyle = Automatic;
						TestTargetID = C02FB0621ECB133100BC62A3;
					};
					C02FB0841ECB133100BC62A3 = {
						CreatedOnToolsVersion = 8.3.2;
						DevelopmentTeam = 2WPG2PXX6C;
						ProvisioningStyle = Automatic;
						TestTargetID = C02FB0621ECB133100BC62A3;
					};
				};
			};
			buildConfigurationList = C02FB05E1ECB133100BC62A3 /* Build configuration list for PBXProject "Rio Hospital" */;
			compatibilityVersion = "Xcode 3.2";
			developmentRegion = English;
			hasScannedForEncodings = 0;
			knownRegions = (
				en,
				Base,
			);
			mainGroup = C02FB05A1ECB133100BC62A3;
			productRefGroup = C02FB0641ECB133100BC62A3 /* Products */;
			projectDirPath = "";
			projectReferences = (
				{
					ProductGroup = 754BBEC61EF60BF5002F6D56 /* Products */;
					ProjectRef = 754BBEC51EF60BF5002F6D56 /* Alamofire.xcodeproj */;
				},
			);
			projectRoot = "";
			targets = (
				C02FB0621ECB133100BC62A3 /* Rio Hospital */,
				C02FB0791ECB133100BC62A3 /* Rio HospitalTests */,
				C02FB0841ECB133100BC62A3 /* Rio HospitalUITests */,
			);
		};
/* End PBXProject section */

/* Begin PBXReferenceProxy section */
		754BBED11EF60BF5002F6D56 /* Alamofire.framework */ = {
			isa = PBXReferenceProxy;
			fileType = wrapper.framework;
			path = Alamofire.framework;
			remoteRef = 754BBED01EF60BF5002F6D56 /* PBXContainerItemProxy */;
			sourceTree = BUILT_PRODUCTS_DIR;
		};
		754BBED31EF60BF5002F6D56 /* Alamofire iOS Tests.xctest */ = {
			isa = PBXReferenceProxy;
			fileType = wrapper.cfbundle;
			path = "Alamofire iOS Tests.xctest";
			remoteRef = 754BBED21EF60BF5002F6D56 /* PBXContainerItemProxy */;
			sourceTree = BUILT_PRODUCTS_DIR;
		};
		754BBED51EF60BF5002F6D56 /* Alamofire.framework */ = {
			isa = PBXReferenceProxy;
			fileType = wrapper.framework;
			path = Alamofire.framework;
			remoteRef = 754BBED41EF60BF5002F6D56 /* PBXContainerItemProxy */;
			sourceTree = BUILT_PRODUCTS_DIR;
		};
		754BBED71EF60BF5002F6D56 /* Alamofire macOS Tests.xctest */ = {
			isa = PBXReferenceProxy;
			fileType = wrapper.cfbundle;
			path = "Alamofire macOS Tests.xctest";
			remoteRef = 754BBED61EF60BF5002F6D56 /* PBXContainerItemProxy */;
			sourceTree = BUILT_PRODUCTS_DIR;
		};
		754BBED91EF60BF5002F6D56 /* Alamofire.framework */ = {
			isa = PBXReferenceProxy;
			fileType = wrapper.framework;
			path = Alamofire.framework;
			remoteRef = 754BBED81EF60BF5002F6D56 /* PBXContainerItemProxy */;
			sourceTree = BUILT_PRODUCTS_DIR;
		};
		754BBEDB1EF60BF5002F6D56 /* Alamofire tvOS Tests.xctest */ = {
			isa = PBXReferenceProxy;
			fileType = wrapper.cfbundle;
			path = "Alamofire tvOS Tests.xctest";
			remoteRef = 754BBEDA1EF60BF5002F6D56 /* PBXContainerItemProxy */;
			sourceTree = BUILT_PRODUCTS_DIR;
		};
		754BBEDD1EF60BF5002F6D56 /* Alamofire.framework */ = {
			isa = PBXReferenceProxy;
			fileType = wrapper.framework;
			path = Alamofire.framework;
			remoteRef = 754BBEDC1EF60BF5002F6D56 /* PBXContainerItemProxy */;
			sourceTree = BUILT_PRODUCTS_DIR;
		};
/* End PBXReferenceProxy section */

/* Begin PBXResourcesBuildPhase section */
		C02FB0611ECB133100BC62A3 /* Resources */ = {
			isa = PBXResourcesBuildPhase;
			buildActionMask = 2147483647;
			files = (
				C02FB0741ECB133100BC62A3 /* LaunchScreen.storyboard in Resources */,
				C03603111EF63B480040325F /* HospitalDetail.xib in Resources */,
				C09BC21B1EDD91580063875B /* LocationRequest.xib in Resources */,
				C0B4587F1EE6CD9500A7C92E /* Map.xib in Resources */,
				C02FB0711ECB133100BC62A3 /* Assets.xcassets in Resources */,
			);
			runOnlyForDeploymentPostprocessing = 0;
		};
		C02FB0781ECB133100BC62A3 /* Resources */ = {
			isa = PBXResourcesBuildPhase;
			buildActionMask = 2147483647;
			files = (
			);
			runOnlyForDeploymentPostprocessing = 0;
		};
		C02FB0831ECB133100BC62A3 /* Resources */ = {
			isa = PBXResourcesBuildPhase;
			buildActionMask = 2147483647;
			files = (
			);
			runOnlyForDeploymentPostprocessing = 0;
		};
/* End PBXResourcesBuildPhase section */

/* Begin PBXSourcesBuildPhase section */
		C02FB05F1ECB133100BC62A3 /* Sources */ = {
			isa = PBXSourcesBuildPhase;
			buildActionMask = 2147483647;
			files = (
				75CD701D1EE6C13500614B02 /* Repository.swift in Sources */,
				C0B4587E1EE6CD9500A7C92E /* Map.swift in Sources */,
				C02FB0A01EDD82D500BC62A3 /* LocationManager.swift in Sources */,
				C02FB0671ECB133100BC62A3 /* AppDelegate.swift in Sources */,
				C09BC21A1EDD91580063875B /* LocationRequest.swift in Sources */,
				C02FB06F1ECB133100BC62A3 /* Rio_Hospital.xcdatamodeld in Sources */,
				C03603101EF63B480040325F /* HospitalDetail.swift in Sources */,
				75CD701F1EE6C21A00614B02 /* Hospital.swift in Sources */,
			);
			runOnlyForDeploymentPostprocessing = 0;
		};
		C02FB0761ECB133100BC62A3 /* Sources */ = {
			isa = PBXSourcesBuildPhase;
			buildActionMask = 2147483647;
			files = (
				75F05BF41EF60DFB0004B6C9 /* RioHospitalTests.swift in Sources */,
				75AAA93A1EF61A3300491212 /* Repository.swift in Sources */,
				75AAA93B1EF61A4400491212 /* Hospital.swift in Sources */,
			);
			runOnlyForDeploymentPostprocessing = 0;
		};
		C02FB0811ECB133100BC62A3 /* Sources */ = {
			isa = PBXSourcesBuildPhase;
			buildActionMask = 2147483647;
			files = (
				C02FB08A1ECB133200BC62A3 /* Rio_HospitalUITests.swift in Sources */,
			);
			runOnlyForDeploymentPostprocessing = 0;
		};
/* End PBXSourcesBuildPhase section */

/* Begin PBXTargetDependency section */
		754BBEE11EF60C70002F6D56 /* PBXTargetDependency */ = {
			isa = PBXTargetDependency;
			name = "Alamofire iOS";
			targetProxy = 754BBEE01EF60C70002F6D56 /* PBXContainerItemProxy */;
		};
		C02FB07C1ECB133100BC62A3 /* PBXTargetDependency */ = {
			isa = PBXTargetDependency;
			target = C02FB0621ECB133100BC62A3 /* Rio Hospital */;
			targetProxy = C02FB07B1ECB133100BC62A3 /* PBXContainerItemProxy */;
		};
		C02FB0871ECB133100BC62A3 /* PBXTargetDependency */ = {
			isa = PBXTargetDependency;
			target = C02FB0621ECB133100BC62A3 /* Rio Hospital */;
			targetProxy = C02FB0861ECB133100BC62A3 /* PBXContainerItemProxy */;
		};
/* End PBXTargetDependency section */

/* Begin PBXVariantGroup section */
		C02FB0721ECB133100BC62A3 /* LaunchScreen.storyboard */ = {
			isa = PBXVariantGroup;
			children = (
				C02FB0731ECB133100BC62A3 /* Base */,
			);
			name = LaunchScreen.storyboard;
			sourceTree = "<group>";
		};
/* End PBXVariantGroup section */

/* Begin XCBuildConfiguration section */
		C02FB08C1ECB133200BC62A3 /* Debug */ = {
			isa = XCBuildConfiguration;
			buildSettings = {
				ALWAYS_SEARCH_USER_PATHS = NO;
				CLANG_ANALYZER_NONNULL = YES;
				CLANG_ANALYZER_NUMBER_OBJECT_CONVERSION = YES_AGGRESSIVE;
				CLANG_CXX_LANGUAGE_STANDARD = "gnu++0x";
				CLANG_CXX_LIBRARY = "libc++";
				CLANG_ENABLE_MODULES = YES;
				CLANG_ENABLE_OBJC_ARC = YES;
				CLANG_WARN_BOOL_CONVERSION = YES;
				CLANG_WARN_CONSTANT_CONVERSION = YES;
				CLANG_WARN_DIRECT_OBJC_ISA_USAGE = YES_ERROR;
				CLANG_WARN_DOCUMENTATION_COMMENTS = YES;
				CLANG_WARN_EMPTY_BODY = YES;
				CLANG_WARN_ENUM_CONVERSION = YES;
				CLANG_WARN_INFINITE_RECURSION = YES;
				CLANG_WARN_INT_CONVERSION = YES;
				CLANG_WARN_OBJC_ROOT_CLASS = YES_ERROR;
				CLANG_WARN_SUSPICIOUS_MOVE = YES;
				CLANG_WARN_UNREACHABLE_CODE = YES;
				CLANG_WARN__DUPLICATE_METHOD_MATCH = YES;
				"CODE_SIGN_IDENTITY[sdk=iphoneos*]" = "iPhone Developer";
				COPY_PHASE_STRIP = NO;
				DEBUG_INFORMATION_FORMAT = dwarf;
				ENABLE_STRICT_OBJC_MSGSEND = YES;
				ENABLE_TESTABILITY = YES;
				GCC_C_LANGUAGE_STANDARD = gnu99;
				GCC_DYNAMIC_NO_PIC = NO;
				GCC_NO_COMMON_BLOCKS = YES;
				GCC_OPTIMIZATION_LEVEL = 0;
				GCC_PREPROCESSOR_DEFINITIONS = (
					"DEBUG=1",
					"$(inherited)",
				);
				GCC_WARN_64_TO_32_BIT_CONVERSION = YES;
				GCC_WARN_ABOUT_RETURN_TYPE = YES_ERROR;
				GCC_WARN_UNDECLARED_SELECTOR = YES;
				GCC_WARN_UNINITIALIZED_AUTOS = YES_AGGRESSIVE;
				GCC_WARN_UNUSED_FUNCTION = YES;
				GCC_WARN_UNUSED_VARIABLE = YES;
				IPHONEOS_DEPLOYMENT_TARGET = 10.3;
				MTL_ENABLE_DEBUG_INFO = YES;
				ONLY_ACTIVE_ARCH = YES;
				SDKROOT = iphoneos;
				SWIFT_ACTIVE_COMPILATION_CONDITIONS = DEBUG;
				SWIFT_OPTIMIZATION_LEVEL = "-Onone";
			};
			name = Debug;
		};
		C02FB08D1ECB133200BC62A3 /* Release */ = {
			isa = XCBuildConfiguration;
			buildSettings = {
				ALWAYS_SEARCH_USER_PATHS = NO;
				CLANG_ANALYZER_NONNULL = YES;
				CLANG_ANALYZER_NUMBER_OBJECT_CONVERSION = YES_AGGRESSIVE;
				CLANG_CXX_LANGUAGE_STANDARD = "gnu++0x";
				CLANG_CXX_LIBRARY = "libc++";
				CLANG_ENABLE_MODULES = YES;
				CLANG_ENABLE_OBJC_ARC = YES;
				CLANG_WARN_BOOL_CONVERSION = YES;
				CLANG_WARN_CONSTANT_CONVERSION = YES;
				CLANG_WARN_DIRECT_OBJC_ISA_USAGE = YES_ERROR;
				CLANG_WARN_DOCUMENTATION_COMMENTS = YES;
				CLANG_WARN_EMPTY_BODY = YES;
				CLANG_WARN_ENUM_CONVERSION = YES;
				CLANG_WARN_INFINITE_RECURSION = YES;
				CLANG_WARN_INT_CONVERSION = YES;
				CLANG_WARN_OBJC_ROOT_CLASS = YES_ERROR;
				CLANG_WARN_SUSPICIOUS_MOVE = YES;
				CLANG_WARN_UNREACHABLE_CODE = YES;
				CLANG_WARN__DUPLICATE_METHOD_MATCH = YES;
				"CODE_SIGN_IDENTITY[sdk=iphoneos*]" = "iPhone Developer";
				COPY_PHASE_STRIP = NO;
				DEBUG_INFORMATION_FORMAT = "dwarf-with-dsym";
				ENABLE_NS_ASSERTIONS = NO;
				ENABLE_STRICT_OBJC_MSGSEND = YES;
				GCC_C_LANGUAGE_STANDARD = gnu99;
				GCC_NO_COMMON_BLOCKS = YES;
				GCC_WARN_64_TO_32_BIT_CONVERSION = YES;
				GCC_WARN_ABOUT_RETURN_TYPE = YES_ERROR;
				GCC_WARN_UNDECLARED_SELECTOR = YES;
				GCC_WARN_UNINITIALIZED_AUTOS = YES_AGGRESSIVE;
				GCC_WARN_UNUSED_FUNCTION = YES;
				GCC_WARN_UNUSED_VARIABLE = YES;
				IPHONEOS_DEPLOYMENT_TARGET = 10.3;
				MTL_ENABLE_DEBUG_INFO = NO;
				SDKROOT = iphoneos;
				SWIFT_OPTIMIZATION_LEVEL = "-Owholemodule";
				VALIDATE_PRODUCT = YES;
			};
			name = Release;
		};
		C02FB08F1ECB133200BC62A3 /* Debug */ = {
			isa = XCBuildConfiguration;
			buildSettings = {
				ALWAYS_EMBED_SWIFT_STANDARD_LIBRARIES = YES;
				ASSETCATALOG_COMPILER_APPICON_NAME = AppIcon;
				DEVELOPMENT_TEAM = 2WPG2PXX6C;
				INFOPLIST_FILE = "Rio Hospital/Info.plist";
				LD_RUNPATH_SEARCH_PATHS = "$(inherited) @executable_path/Frameworks";
				PRODUCT_BUNDLE_IDENTIFIER = "gdev.Rio-Hospital";
				PRODUCT_NAME = "$(TARGET_NAME)";
				SWIFT_VERSION = 3.0;
			};
			name = Debug;
		};
		C02FB0901ECB133200BC62A3 /* Release */ = {
			isa = XCBuildConfiguration;
			buildSettings = {
				ALWAYS_EMBED_SWIFT_STANDARD_LIBRARIES = YES;
				ASSETCATALOG_COMPILER_APPICON_NAME = AppIcon;
				DEVELOPMENT_TEAM = 2WPG2PXX6C;
				INFOPLIST_FILE = "Rio Hospital/Info.plist";
				LD_RUNPATH_SEARCH_PATHS = "$(inherited) @executable_path/Frameworks";
				PRODUCT_BUNDLE_IDENTIFIER = "gdev.Rio-Hospital";
				PRODUCT_NAME = "$(TARGET_NAME)";
				SWIFT_VERSION = 3.0;
			};
			name = Release;
		};
		C02FB0921ECB133200BC62A3 /* Debug */ = {
			isa = XCBuildConfiguration;
			buildSettings = {
				ALWAYS_EMBED_SWIFT_STANDARD_LIBRARIES = YES;
				BUNDLE_LOADER = "$(TEST_HOST)";
				CLANG_ENABLE_MODULES = YES;
				DEVELOPMENT_TEAM = 2WPG2PXX6C;
				INFOPLIST_FILE = "Rio HospitalTests/Info.plist";
				LD_RUNPATH_SEARCH_PATHS = "$(inherited) @executable_path/Frameworks @loader_path/Frameworks";
				PRODUCT_BUNDLE_IDENTIFIER = "gdev.Rio-HospitalTests";
				PRODUCT_NAME = "$(TARGET_NAME)";
				SWIFT_OPTIMIZATION_LEVEL = "-Onone";
				SWIFT_VERSION = 3.0;
				TEST_HOST = "$(BUILT_PRODUCTS_DIR)/Rio Hospital.app/Rio Hospital";
			};
			name = Debug;
		};
		C02FB0931ECB133200BC62A3 /* Release */ = {
			isa = XCBuildConfiguration;
			buildSettings = {
				ALWAYS_EMBED_SWIFT_STANDARD_LIBRARIES = YES;
				BUNDLE_LOADER = "$(TEST_HOST)";
				CLANG_ENABLE_MODULES = YES;
				DEVELOPMENT_TEAM = 2WPG2PXX6C;
				INFOPLIST_FILE = "Rio HospitalTests/Info.plist";
				LD_RUNPATH_SEARCH_PATHS = "$(inherited) @executable_path/Frameworks @loader_path/Frameworks";
				PRODUCT_BUNDLE_IDENTIFIER = "gdev.Rio-HospitalTests";
				PRODUCT_NAME = "$(TARGET_NAME)";
				SWIFT_VERSION = 3.0;
				TEST_HOST = "$(BUILT_PRODUCTS_DIR)/Rio Hospital.app/Rio Hospital";
			};
			name = Release;
		};
		C02FB0951ECB133200BC62A3 /* Debug */ = {
			isa = XCBuildConfiguration;
			buildSettings = {
				ALWAYS_EMBED_SWIFT_STANDARD_LIBRARIES = YES;
				DEVELOPMENT_TEAM = 2WPG2PXX6C;
				INFOPLIST_FILE = "Rio HospitalUITests/Info.plist";
				LD_RUNPATH_SEARCH_PATHS = "$(inherited) @executable_path/Frameworks @loader_path/Frameworks";
				PRODUCT_BUNDLE_IDENTIFIER = "gdev.Rio-HospitalUITests";
				PRODUCT_NAME = "$(TARGET_NAME)";
				SWIFT_VERSION = 3.0;
				TEST_TARGET_NAME = "Rio Hospital";
			};
			name = Debug;
		};
		C02FB0961ECB133200BC62A3 /* Release */ = {
			isa = XCBuildConfiguration;
			buildSettings = {
				ALWAYS_EMBED_SWIFT_STANDARD_LIBRARIES = YES;
				DEVELOPMENT_TEAM = 2WPG2PXX6C;
				INFOPLIST_FILE = "Rio HospitalUITests/Info.plist";
				LD_RUNPATH_SEARCH_PATHS = "$(inherited) @executable_path/Frameworks @loader_path/Frameworks";
				PRODUCT_BUNDLE_IDENTIFIER = "gdev.Rio-HospitalUITests";
				PRODUCT_NAME = "$(TARGET_NAME)";
				SWIFT_VERSION = 3.0;
				TEST_TARGET_NAME = "Rio Hospital";
			};
			name = Release;
		};
/* End XCBuildConfiguration section */

/* Begin XCConfigurationList section */
		C02FB05E1ECB133100BC62A3 /* Build configuration list for PBXProject "Rio Hospital" */ = {
			isa = XCConfigurationList;
			buildConfigurations = (
				C02FB08C1ECB133200BC62A3 /* Debug */,
				C02FB08D1ECB133200BC62A3 /* Release */,
			);
			defaultConfigurationIsVisible = 0;
			defaultConfigurationName = Release;
		};
		C02FB08E1ECB133200BC62A3 /* Build configuration list for PBXNativeTarget "Rio Hospital" */ = {
			isa = XCConfigurationList;
			buildConfigurations = (
				C02FB08F1ECB133200BC62A3 /* Debug */,
				C02FB0901ECB133200BC62A3 /* Release */,
			);
			defaultConfigurationIsVisible = 0;
			defaultConfigurationName = Release;
		};
		C02FB0911ECB133200BC62A3 /* Build configuration list for PBXNativeTarget "Rio HospitalTests" */ = {
			isa = XCConfigurationList;
			buildConfigurations = (
				C02FB0921ECB133200BC62A3 /* Debug */,
				C02FB0931ECB133200BC62A3 /* Release */,
			);
			defaultConfigurationIsVisible = 0;
			defaultConfigurationName = Release;
		};
		C02FB0941ECB133200BC62A3 /* Build configuration list for PBXNativeTarget "Rio HospitalUITests" */ = {
			isa = XCConfigurationList;
			buildConfigurations = (
				C02FB0951ECB133200BC62A3 /* Debug */,
				C02FB0961ECB133200BC62A3 /* Release */,
			);
			defaultConfigurationIsVisible = 0;
			defaultConfigurationName = Release;
		};
/* End XCConfigurationList section */

/* Begin XCVersionGroup section */
		C02FB06D1ECB133100BC62A3 /* Rio_Hospital.xcdatamodeld */ = {
			isa = XCVersionGroup;
			children = (
				C02FB06E1ECB133100BC62A3 /* Rio_Hospital.xcdatamodel */,
			);
			currentVersion = C02FB06E1ECB133100BC62A3 /* Rio_Hospital.xcdatamodel */;
			path = Rio_Hospital.xcdatamodeld;
			sourceTree = "<group>";
			versionGroupType = wrapper.xcdatamodel;
		};
/* End XCVersionGroup section */
	};
	rootObject = C02FB05B1ECB133100BC62A3 /* Project object */;
}
